
Microsoft Visual Studio Solution File, Format Version 12.00
# Visual Studio Version 16
VisualStudioVersion = 16.0.30611.23
MinimumVisualStudioVersion = 10.0.40219.1
Project("{FAE04EC0-301F-11D3-BF4B-00C04F79EFBC}") = "圖片背景白色變透明(類去背)", "圖片背景白色變透明(類去背)\圖片背景白色變透明(類去背).csproj", "{D67DBCE1-CB0C-4E21-913C-868D82141FF9}"
EndProject
Global
	GlobalSection(SolutionConfigurationPlatforms) = preSolution
		Debug|Any CPU = Debug|Any CPU
		Release|Any CPU = Release|Any CPU
	EndGlobalSection
	GlobalSection(ProjectConfigurationPlatforms) = postSolution
		{D67DBCE1-CB0C-4E21-913C-868D82141FF9}.Debug|Any CPU.ActiveCfg = Debug|Any CPU
		{D67DBCE1-CB0C-4E21-913C-868D82141FF9}.Debug|Any CPU.Build.0 = Debug|Any CPU
		{D67DBCE1-CB0C-4E21-913C-868D82141FF9}.Release|Any CPU.ActiveCfg = Release|Any CPU
		{D67DBCE1-CB0C-4E21-913C-868D82141FF9}.Release|Any CPU.Build.0 = Release|Any CPU
	EndGlobalSection
	GlobalSection(SolutionProperties) = preSolution
		HideSolutionNode = FALSE
	EndGlobalSection
	GlobalSection(ExtensibilityGlobals) = postSolution
		SolutionGuid = {67068E50-33CC-40D6-B807-28732A2DFDD7}
	EndGlobalSection
EndGlobal
