
Microsoft Visual Studio Solution File, Format Version 12.00
# Visual Studio 14
VisualStudioVersion = 14.0.24720.0
MinimumVisualStudioVersion = 10.0.40219.1
Project("{8BC9CEB8-8B4A-11D0-8D11-00A0C91BC942}") = "HW6_B10409006_盧禹宏", "HW6_B10409006_盧禹宏\HW6_B10409006_盧禹宏.vcxproj", "{8387DA17-8C78-4F25-997D-EA82F0AD73BE}"
EndProject
Global
	GlobalSection(SolutionConfigurationPlatforms) = preSolution
		Debug|x64 = Debug|x64
		Debug|x86 = Debug|x86
		Release|x64 = Release|x64
		Release|x86 = Release|x86
	EndGlobalSection
	GlobalSection(ProjectConfigurationPlatforms) = postSolution
		{8387DA17-8C78-4F25-997D-EA82F0AD73BE}.Debug|x64.ActiveCfg = Debug|x64
		{8387DA17-8C78-4F25-997D-EA82F0AD73BE}.Debug|x64.Build.0 = Debug|x64
		{8387DA17-8C78-4F25-997D-EA82F0AD73BE}.Debug|x86.ActiveCfg = Debug|Win32
		{8387DA17-8C78-4F25-997D-EA82F0AD73BE}.Debug|x86.Build.0 = Debug|Win32
		{8387DA17-8C78-4F25-997D-EA82F0AD73BE}.Release|x64.ActiveCfg = Release|x64
		{8387DA17-8C78-4F25-997D-EA82F0AD73BE}.Release|x64.Build.0 = Release|x64
		{8387DA17-8C78-4F25-997D-EA82F0AD73BE}.Release|x86.ActiveCfg = Release|Win32
		{8387DA17-8C78-4F25-997D-EA82F0AD73BE}.Release|x86.Build.0 = Release|Win32
	EndGlobalSection
	GlobalSection(SolutionProperties) = preSolution
		HideSolutionNode = FALSE
	EndGlobalSection
EndGlobal
