
Microsoft Visual Studio Solution File, Format Version 12.00
# Visual Studio Version 16
VisualStudioVersion = 16.0.30611.23
MinimumVisualStudioVersion = 10.0.40219.1
Project("{FAE04EC0-301F-11D3-BF4B-00C04F79EFBC}") = "螢幕截圖", "螢幕截圖\螢幕截圖.csproj", "{AF13CAC5-E2BA-407D-8BCF-C68F9E3C004A}"
EndProject
Global
	GlobalSection(SolutionConfigurationPlatforms) = preSolution
		Debug|Any CPU = Debug|Any CPU
		Release|Any CPU = Release|Any CPU
	EndGlobalSection
	GlobalSection(ProjectConfigurationPlatforms) = postSolution
		{AF13CAC5-E2BA-407D-8BCF-C68F9E3C004A}.Debug|Any CPU.ActiveCfg = Debug|Any CPU
		{AF13CAC5-E2BA-407D-8BCF-C68F9E3C004A}.Debug|Any CPU.Build.0 = Debug|Any CPU
		{AF13CAC5-E2BA-407D-8BCF-C68F9E3C004A}.Release|Any CPU.ActiveCfg = Release|Any CPU
		{AF13CAC5-E2BA-407D-8BCF-C68F9E3C004A}.Release|Any CPU.Build.0 = Release|Any CPU
	EndGlobalSection
	GlobalSection(SolutionProperties) = preSolution
		HideSolutionNode = FALSE
	EndGlobalSection
	GlobalSection(ExtensibilityGlobals) = postSolution
		SolutionGuid = {7178926A-A6F5-46D9-A017-74624005949C}
	EndGlobalSection
EndGlobal
