
Microsoft Visual Studio Solution File, Format Version 12.00
# Visual Studio Version 17
VisualStudioVersion = 17.7.34031.279
MinimumVisualStudioVersion = 10.0.40219.1
Project("{FAE04EC0-301F-11D3-BF4B-00C04F79EFBC}") = "取得磁碟資訊", "取得磁碟資訊\取得磁碟資訊.csproj", "{1FE484E7-81A2-468C-8464-771F8E40517F}"
EndProject
Global
	GlobalSection(SolutionConfigurationPlatforms) = preSolution
		Debug|Any CPU = Debug|Any CPU
		Release|Any CPU = Release|Any CPU
	EndGlobalSection
	GlobalSection(ProjectConfigurationPlatforms) = postSolution
		{1FE484E7-81A2-468C-8464-771F8E40517F}.Debug|Any CPU.ActiveCfg = Debug|Any CPU
		{1FE484E7-81A2-468C-8464-771F8E40517F}.Debug|Any CPU.Build.0 = Debug|Any CPU
		{1FE484E7-81A2-468C-8464-771F8E40517F}.Release|Any CPU.ActiveCfg = Release|Any CPU
		{1FE484E7-81A2-468C-8464-771F8E40517F}.Release|Any CPU.Build.0 = Release|Any CPU
	EndGlobalSection
	GlobalSection(SolutionProperties) = preSolution
		HideSolutionNode = FALSE
	EndGlobalSection
	GlobalSection(ExtensibilityGlobals) = postSolution
		SolutionGuid = {1BF7A2DB-D1BF-4D55-81E5-50AB9DDEAEA3}
	EndGlobalSection
EndGlobal
