
Microsoft Visual Studio Solution File, Format Version 12.00
# Visual Studio Version 17
VisualStudioVersion = 17.7.34031.279
MinimumVisualStudioVersion = 10.0.40219.1
Project("{FAE04EC0-301F-11D3-BF4B-00C04F79EFBC}") = "鍵盤監測", "鍵盤監測\鍵盤監測.csproj", "{17E1E71A-53D8-4E53-AEA5-9773C6E5968C}"
EndProject
Global
	GlobalSection(SolutionConfigurationPlatforms) = preSolution
		Debug|Any CPU = Debug|Any CPU
		Release|Any CPU = Release|Any CPU
	EndGlobalSection
	GlobalSection(ProjectConfigurationPlatforms) = postSolution
		{17E1E71A-53D8-4E53-AEA5-9773C6E5968C}.Debug|Any CPU.ActiveCfg = Debug|Any CPU
		{17E1E71A-53D8-4E53-AEA5-9773C6E5968C}.Debug|Any CPU.Build.0 = Debug|Any CPU
		{17E1E71A-53D8-4E53-AEA5-9773C6E5968C}.Release|Any CPU.ActiveCfg = Release|Any CPU
		{17E1E71A-53D8-4E53-AEA5-9773C6E5968C}.Release|Any CPU.Build.0 = Release|Any CPU
	EndGlobalSection
	GlobalSection(SolutionProperties) = preSolution
		HideSolutionNode = FALSE
	EndGlobalSection
	GlobalSection(ExtensibilityGlobals) = postSolution
		SolutionGuid = {E85FC2CD-8F0F-4330-B49E-001635E3F62C}
	EndGlobalSection
EndGlobal
