
Microsoft Visual Studio Solution File, Format Version 12.00
# Visual Studio Version 16
VisualStudioVersion = 16.0.29806.167
MinimumVisualStudioVersion = 10.0.40219.1
Project("{FAE04EC0-301F-11D3-BF4B-00C04F79EFBC}") = "CSharpEval", "CSharpEval\CSharpEval.csproj", "{0DEB2180-195D-4DBE-9473-77E2B7B9DDC9}"
EndProject
Project("{FAE04EC0-301F-11D3-BF4B-00C04F79EFBC}") = "TestC", "TestC\TestC.csproj", "{45135262-2358-4707-9430-53AC5AD10EF5}"
EndProject
Global
	GlobalSection(SolutionConfigurationPlatforms) = preSolution
		Debug|Any CPU = Debug|Any CPU
		Release|Any CPU = Release|Any CPU
	EndGlobalSection
	GlobalSection(ProjectConfigurationPlatforms) = postSolution
		{0DEB2180-195D-4DBE-9473-77E2B7B9DDC9}.Debug|Any CPU.ActiveCfg = Debug|Any CPU
		{0DEB2180-195D-4DBE-9473-77E2B7B9DDC9}.Debug|Any CPU.Build.0 = Debug|Any CPU
		{0DEB2180-195D-4DBE-9473-77E2B7B9DDC9}.Release|Any CPU.ActiveCfg = Release|Any CPU
		{0DEB2180-195D-4DBE-9473-77E2B7B9DDC9}.Release|Any CPU.Build.0 = Release|Any CPU
		{45135262-2358-4707-9430-53AC5AD10EF5}.Debug|Any CPU.ActiveCfg = Debug|Any CPU
		{45135262-2358-4707-9430-53AC5AD10EF5}.Debug|Any CPU.Build.0 = Debug|Any CPU
		{45135262-2358-4707-9430-53AC5AD10EF5}.Release|Any CPU.ActiveCfg = Release|Any CPU
		{45135262-2358-4707-9430-53AC5AD10EF5}.Release|Any CPU.Build.0 = Release|Any CPU
	EndGlobalSection
	GlobalSection(SolutionProperties) = preSolution
		HideSolutionNode = FALSE
	EndGlobalSection
	GlobalSection(ExtensibilityGlobals) = postSolution
		SolutionGuid = {155272BE-A44C-43DF-AD83-0419F19F892B}
	EndGlobalSection
EndGlobal
