
Microsoft Visual Studio Solution File, Format Version 12.00
# Visual Studio Version 16
VisualStudioVersion = 16.0.30621.155
MinimumVisualStudioVersion = 10.0.40219.1
Project("{FAE04EC0-301F-11D3-BF4B-00C04F79EFBC}") = "PDF加入浮水印", "PDF加入浮水印\PDF加入浮水印.csproj", "{5B435A83-16C9-433A-B786-78220ABB72EC}"
EndProject
Global
	GlobalSection(SolutionConfigurationPlatforms) = preSolution
		Debug|Any CPU = Debug|Any CPU
		Release|Any CPU = Release|Any CPU
	EndGlobalSection
	GlobalSection(ProjectConfigurationPlatforms) = postSolution
		{5B435A83-16C9-433A-B786-78220ABB72EC}.Debug|Any CPU.ActiveCfg = Debug|Any CPU
		{5B435A83-16C9-433A-B786-78220ABB72EC}.Debug|Any CPU.Build.0 = Debug|Any CPU
		{5B435A83-16C9-433A-B786-78220ABB72EC}.Release|Any CPU.ActiveCfg = Release|Any CPU
		{5B435A83-16C9-433A-B786-78220ABB72EC}.Release|Any CPU.Build.0 = Release|Any CPU
	EndGlobalSection
	GlobalSection(SolutionProperties) = preSolution
		HideSolutionNode = FALSE
	EndGlobalSection
	GlobalSection(ExtensibilityGlobals) = postSolution
		SolutionGuid = {2E1BC4FB-1996-4CD8-BEEE-A67130BC39A9}
	EndGlobalSection
EndGlobal
