
Microsoft Visual Studio Solution File, Format Version 12.00
# Visual Studio Version 16
VisualStudioVersion = 16.0.30804.86
MinimumVisualStudioVersion = 10.0.40219.1
Project("{FAE04EC0-301F-11D3-BF4B-00C04F79EFBC}") = "Hong.AutoMapperHelper", "Hong.AutoMapperHelper\Hong.AutoMapperHelper.csproj", "{62DC547E-713A-441D-ABE1-243E8251C694}"
EndProject
Global
	GlobalSection(SolutionConfigurationPlatforms) = preSolution
		Debug|Any CPU = Debug|Any CPU
		Release|Any CPU = Release|Any CPU
	EndGlobalSection
	GlobalSection(ProjectConfigurationPlatforms) = postSolution
		{62DC547E-713A-441D-ABE1-243E8251C694}.Debug|Any CPU.ActiveCfg = Debug|Any CPU
		{62DC547E-713A-441D-ABE1-243E8251C694}.Debug|Any CPU.Build.0 = Debug|Any CPU
		{62DC547E-713A-441D-ABE1-243E8251C694}.Release|Any CPU.ActiveCfg = Release|Any CPU
		{62DC547E-713A-441D-ABE1-243E8251C694}.Release|Any CPU.Build.0 = Release|Any CPU
	EndGlobalSection
	GlobalSection(SolutionProperties) = preSolution
		HideSolutionNode = FALSE
	EndGlobalSection
	GlobalSection(ExtensibilityGlobals) = postSolution
		SolutionGuid = {859FC755-F20D-48AE-8AA9-A53BD4C13EFD}
	EndGlobalSection
EndGlobal
