
Microsoft Visual Studio Solution File, Format Version 12.00
# Visual Studio Version 16
VisualStudioVersion = 16.0.30804.86
MinimumVisualStudioVersion = 10.0.40219.1
Project("{FAE04EC0-301F-11D3-BF4B-00C04F79EFBC}") = "Hong.ZipHelper", "Hong.ZipHelper\Hong.ZipHelper.csproj", "{13D10A0E-5A1A-489B-A13E-45A11E63AFC7}"
EndProject
Global
	GlobalSection(SolutionConfigurationPlatforms) = preSolution
		Debug|Any CPU = Debug|Any CPU
		Release|Any CPU = Release|Any CPU
	EndGlobalSection
	GlobalSection(ProjectConfigurationPlatforms) = postSolution
		{13D10A0E-5A1A-489B-A13E-45A11E63AFC7}.Debug|Any CPU.ActiveCfg = Debug|Any CPU
		{13D10A0E-5A1A-489B-A13E-45A11E63AFC7}.Debug|Any CPU.Build.0 = Debug|Any CPU
		{13D10A0E-5A1A-489B-A13E-45A11E63AFC7}.Release|Any CPU.ActiveCfg = Release|Any CPU
		{13D10A0E-5A1A-489B-A13E-45A11E63AFC7}.Release|Any CPU.Build.0 = Release|Any CPU
	EndGlobalSection
	GlobalSection(SolutionProperties) = preSolution
		HideSolutionNode = FALSE
	EndGlobalSection
	GlobalSection(ExtensibilityGlobals) = postSolution
		SolutionGuid = {CB09A828-C03F-465F-9045-57A0A31BEE51}
	EndGlobalSection
EndGlobal
