
Microsoft Visual Studio Solution File, Format Version 12.00
# Visual Studio Version 16
VisualStudioVersion = 16.0.30717.126
MinimumVisualStudioVersion = 10.0.40219.1
Project("{FAE04EC0-301F-11D3-BF4B-00C04F79EFBC}") = "一個大於2的偶數為2個質數相加", "一個大於2的偶數為2個質數相加\一個大於2的偶數為2個質數相加.csproj", "{D22EC859-9EA4-4F61-8AF8-F0915E291574}"
EndProject
Global
	GlobalSection(SolutionConfigurationPlatforms) = preSolution
		Debug|Any CPU = Debug|Any CPU
		Release|Any CPU = Release|Any CPU
	EndGlobalSection
	GlobalSection(ProjectConfigurationPlatforms) = postSolution
		{D22EC859-9EA4-4F61-8AF8-F0915E291574}.Debug|Any CPU.ActiveCfg = Debug|Any CPU
		{D22EC859-9EA4-4F61-8AF8-F0915E291574}.Debug|Any CPU.Build.0 = Debug|Any CPU
		{D22EC859-9EA4-4F61-8AF8-F0915E291574}.Release|Any CPU.ActiveCfg = Release|Any CPU
		{D22EC859-9EA4-4F61-8AF8-F0915E291574}.Release|Any CPU.Build.0 = Release|Any CPU
	EndGlobalSection
	GlobalSection(SolutionProperties) = preSolution
		HideSolutionNode = FALSE
	EndGlobalSection
	GlobalSection(ExtensibilityGlobals) = postSolution
		SolutionGuid = {21D08020-AAAF-4DEE-8ACB-16E608AF6073}
	EndGlobalSection
EndGlobal
