
Microsoft Visual Studio Solution File, Format Version 12.00
# Visual Studio Version 16
VisualStudioVersion = 16.0.30621.155
MinimumVisualStudioVersion = 10.0.40219.1
Project("{FAE04EC0-301F-11D3-BF4B-00C04F79EFBC}") = "Base64加解密", "Base64加解密\Base64加解密.csproj", "{A418B1DD-0221-4F1C-BB45-96680B2A0641}"
EndProject
Global
	GlobalSection(SolutionConfigurationPlatforms) = preSolution
		Debug|Any CPU = Debug|Any CPU
		Release|Any CPU = Release|Any CPU
	EndGlobalSection
	GlobalSection(ProjectConfigurationPlatforms) = postSolution
		{A418B1DD-0221-4F1C-BB45-96680B2A0641}.Debug|Any CPU.ActiveCfg = Debug|Any CPU
		{A418B1DD-0221-4F1C-BB45-96680B2A0641}.Debug|Any CPU.Build.0 = Debug|Any CPU
		{A418B1DD-0221-4F1C-BB45-96680B2A0641}.Release|Any CPU.ActiveCfg = Release|Any CPU
		{A418B1DD-0221-4F1C-BB45-96680B2A0641}.Release|Any CPU.Build.0 = Release|Any CPU
	EndGlobalSection
	GlobalSection(SolutionProperties) = preSolution
		HideSolutionNode = FALSE
	EndGlobalSection
	GlobalSection(ExtensibilityGlobals) = postSolution
		SolutionGuid = {F7C4EFAB-22FD-413D-9654-13DD37C9FF3C}
	EndGlobalSection
EndGlobal
