
Microsoft Visual Studio Solution File, Format Version 12.00
# Visual Studio Version 17
VisualStudioVersion = 17.13.35931.197 d17.13
MinimumVisualStudioVersion = 10.0.40219.1
Project("{FAE04EC0-301F-11D3-BF4B-00C04F79EFBC}") = "產生ICON圖檔", "產生ICON圖檔\產生ICON圖檔.csproj", "{9EA7861F-7272-4092-8814-61C49BD64911}"
EndProject
Global
	GlobalSection(SolutionConfigurationPlatforms) = preSolution
		Debug|Any CPU = Debug|Any CPU
		Release|Any CPU = Release|Any CPU
	EndGlobalSection
	GlobalSection(ProjectConfigurationPlatforms) = postSolution
		{9EA7861F-7272-4092-8814-61C49BD64911}.Debug|Any CPU.ActiveCfg = Debug|Any CPU
		{9EA7861F-7272-4092-8814-61C49BD64911}.Debug|Any CPU.Build.0 = Debug|Any CPU
		{9EA7861F-7272-4092-8814-61C49BD64911}.Release|Any CPU.ActiveCfg = Release|Any CPU
		{9EA7861F-7272-4092-8814-61C49BD64911}.Release|Any CPU.Build.0 = Release|Any CPU
	EndGlobalSection
	GlobalSection(SolutionProperties) = preSolution
		HideSolutionNode = FALSE
	EndGlobalSection
	GlobalSection(ExtensibilityGlobals) = postSolution
		SolutionGuid = {1FF95DFB-D0DD-4FAC-896F-04D8EB59D2C2}
	EndGlobalSection
EndGlobal
