
Microsoft Visual Studio Solution File, Format Version 12.00
# Visual Studio Version 16
VisualStudioVersion = 16.0.30011.22
MinimumVisualStudioVersion = 10.0.40219.1
Project("{FAE04EC0-301F-11D3-BF4B-00C04F79EFBC}") = "StructLayout", "StructLayout\StructLayout.csproj", "{8FA9CC8A-5F63-4CA8-8222-9226136F4297}"
EndProject
Global
	GlobalSection(SolutionConfigurationPlatforms) = preSolution
		Debug|Any CPU = Debug|Any CPU
		Release|Any CPU = Release|Any CPU
	EndGlobalSection
	GlobalSection(ProjectConfigurationPlatforms) = postSolution
		{8FA9CC8A-5F63-4CA8-8222-9226136F4297}.Debug|Any CPU.ActiveCfg = Debug|Any CPU
		{8FA9CC8A-5F63-4CA8-8222-9226136F4297}.Debug|Any CPU.Build.0 = Debug|Any CPU
		{8FA9CC8A-5F63-4CA8-8222-9226136F4297}.Release|Any CPU.ActiveCfg = Release|Any CPU
		{8FA9CC8A-5F63-4CA8-8222-9226136F4297}.Release|Any CPU.Build.0 = Release|Any CPU
	EndGlobalSection
	GlobalSection(SolutionProperties) = preSolution
		HideSolutionNode = FALSE
	EndGlobalSection
	GlobalSection(ExtensibilityGlobals) = postSolution
		SolutionGuid = {30656878-BE2C-46B3-8D3D-278ECDFEFE12}
	EndGlobalSection
EndGlobal
