
Microsoft Visual Studio Solution File, Format Version 12.00
# Visual Studio Version 17
VisualStudioVersion = 17.7.34031.279
MinimumVisualStudioVersion = 10.0.40219.1
Project("{FAE04EC0-301F-11D3-BF4B-00C04F79EFBC}") = "掃描二維條碼", "掃描二維條碼\掃描二維條碼.csproj", "{B5370DFF-1FEC-4E1F-89D4-FD3AC66D75EE}"
EndProject
Global
	GlobalSection(SolutionConfigurationPlatforms) = preSolution
		Debug|Any CPU = Debug|Any CPU
		Release|Any CPU = Release|Any CPU
	EndGlobalSection
	GlobalSection(ProjectConfigurationPlatforms) = postSolution
		{B5370DFF-1FEC-4E1F-89D4-FD3AC66D75EE}.Debug|Any CPU.ActiveCfg = Debug|Any CPU
		{B5370DFF-1FEC-4E1F-89D4-FD3AC66D75EE}.Debug|Any CPU.Build.0 = Debug|Any CPU
		{B5370DFF-1FEC-4E1F-89D4-FD3AC66D75EE}.Release|Any CPU.ActiveCfg = Release|Any CPU
		{B5370DFF-1FEC-4E1F-89D4-FD3AC66D75EE}.Release|Any CPU.Build.0 = Release|Any CPU
	EndGlobalSection
	GlobalSection(SolutionProperties) = preSolution
		HideSolutionNode = FALSE
	EndGlobalSection
	GlobalSection(ExtensibilityGlobals) = postSolution
		SolutionGuid = {660852B1-7D49-4B6B-874D-A62D36A2C286}
	EndGlobalSection
EndGlobal
