
Microsoft Visual Studio Solution File, Format Version 12.00
# Visual Studio Version 16
VisualStudioVersion = 16.0.29503.13
MinimumVisualStudioVersion = 10.0.40219.1
Project("{FAE04EC0-301F-11D3-BF4B-00C04F79EFBC}") = "Excel(EPPluss)", "Excel(EPPluss)\Excel(EPPluss).csproj", "{7664208F-C884-4478-831D-787E35F5869D}"
EndProject
Global
	GlobalSection(SolutionConfigurationPlatforms) = preSolution
		Debug|Any CPU = Debug|Any CPU
		Release|Any CPU = Release|Any CPU
	EndGlobalSection
	GlobalSection(ProjectConfigurationPlatforms) = postSolution
		{7664208F-C884-4478-831D-787E35F5869D}.Debug|Any CPU.ActiveCfg = Debug|Any CPU
		{7664208F-C884-4478-831D-787E35F5869D}.Debug|Any CPU.Build.0 = Debug|Any CPU
		{7664208F-C884-4478-831D-787E35F5869D}.Release|Any CPU.ActiveCfg = Release|Any CPU
		{7664208F-C884-4478-831D-787E35F5869D}.Release|Any CPU.Build.0 = Release|Any CPU
	EndGlobalSection
	GlobalSection(SolutionProperties) = preSolution
		HideSolutionNode = FALSE
	EndGlobalSection
	GlobalSection(ExtensibilityGlobals) = postSolution
		SolutionGuid = {0ADED003-CA81-4C71-BF3C-1C1DB0B2F2C1}
	EndGlobalSection
EndGlobal
