
Microsoft Visual Studio Solution File, Format Version 12.00
# Visual Studio Version 17
VisualStudioVersion = 17.7.34031.279
MinimumVisualStudioVersion = 10.0.40219.1
Project("{FAE04EC0-301F-11D3-BF4B-00C04F79EFBC}") = "讀取讀卡機健保卡資訊", "讀取讀卡機健保卡資訊\讀取讀卡機健保卡資訊.csproj", "{FEE0D07F-8AFA-4379-9789-C1BD78BFFC81}"
EndProject
Global
	GlobalSection(SolutionConfigurationPlatforms) = preSolution
		Debug|Any CPU = Debug|Any CPU
		Release|Any CPU = Release|Any CPU
	EndGlobalSection
	GlobalSection(ProjectConfigurationPlatforms) = postSolution
		{FEE0D07F-8AFA-4379-9789-C1BD78BFFC81}.Debug|Any CPU.ActiveCfg = Debug|Any CPU
		{FEE0D07F-8AFA-4379-9789-C1BD78BFFC81}.Debug|Any CPU.Build.0 = Debug|Any CPU
		{FEE0D07F-8AFA-4379-9789-C1BD78BFFC81}.Release|Any CPU.ActiveCfg = Release|Any CPU
		{FEE0D07F-8AFA-4379-9789-C1BD78BFFC81}.Release|Any CPU.Build.0 = Release|Any CPU
	EndGlobalSection
	GlobalSection(SolutionProperties) = preSolution
		HideSolutionNode = FALSE
	EndGlobalSection
	GlobalSection(ExtensibilityGlobals) = postSolution
		SolutionGuid = {275EDA16-01E4-4A5E-8405-2C718F275A01}
	EndGlobalSection
EndGlobal
