
Microsoft Visual Studio Solution File, Format Version 12.00
# Visual Studio Version 17
VisualStudioVersion = 17.12.35527.113 d17.12
MinimumVisualStudioVersion = 10.0.40219.1
Project("{FAE04EC0-301F-11D3-BF4B-00C04F79EFBC}") = "模擬大量打API", "模擬大量打API\模擬大量打API.csproj", "{F6D99900-631E-4875-B4D5-712B9E998BF8}"
EndProject
Global
	GlobalSection(SolutionConfigurationPlatforms) = preSolution
		Debug|Any CPU = Debug|Any CPU
		Release|Any CPU = Release|Any CPU
	EndGlobalSection
	GlobalSection(ProjectConfigurationPlatforms) = postSolution
		{F6D99900-631E-4875-B4D5-712B9E998BF8}.Debug|Any CPU.ActiveCfg = Debug|Any CPU
		{F6D99900-631E-4875-B4D5-712B9E998BF8}.Debug|Any CPU.Build.0 = Debug|Any CPU
		{F6D99900-631E-4875-B4D5-712B9E998BF8}.Release|Any CPU.ActiveCfg = Release|Any CPU
		{F6D99900-631E-4875-B4D5-712B9E998BF8}.Release|Any CPU.Build.0 = Release|Any CPU
	EndGlobalSection
	GlobalSection(SolutionProperties) = preSolution
		HideSolutionNode = FALSE
	EndGlobalSection
EndGlobal
