
Microsoft Visual Studio Solution File, Format Version 12.00
# Visual Studio Version 16
VisualStudioVersion = 16.0.30611.23
MinimumVisualStudioVersion = 10.0.40219.1
Project("{FAE04EC0-301F-11D3-BF4B-00C04F79EFBC}") = "Doc和Docx互轉+轉成PDF", "Doc和Docx互轉+轉成PDF\Doc和Docx互轉+轉成PDF.csproj", "{19F055B0-E758-4285-96A6-7BBB4FF765A3}"
EndProject
Global
	GlobalSection(SolutionConfigurationPlatforms) = preSolution
		Debug|Any CPU = Debug|Any CPU
		Release|Any CPU = Release|Any CPU
	EndGlobalSection
	GlobalSection(ProjectConfigurationPlatforms) = postSolution
		{19F055B0-E758-4285-96A6-7BBB4FF765A3}.Debug|Any CPU.ActiveCfg = Debug|Any CPU
		{19F055B0-E758-4285-96A6-7BBB4FF765A3}.Debug|Any CPU.Build.0 = Debug|Any CPU
		{19F055B0-E758-4285-96A6-7BBB4FF765A3}.Release|Any CPU.ActiveCfg = Release|Any CPU
		{19F055B0-E758-4285-96A6-7BBB4FF765A3}.Release|Any CPU.Build.0 = Release|Any CPU
	EndGlobalSection
	GlobalSection(SolutionProperties) = preSolution
		HideSolutionNode = FALSE
	EndGlobalSection
	GlobalSection(ExtensibilityGlobals) = postSolution
		SolutionGuid = {70ECA19C-6596-4BDC-9567-76ADFEAB230F}
	EndGlobalSection
EndGlobal
