
Microsoft Visual Studio Solution File, Format Version 12.00
# Visual Studio Version 16
VisualStudioVersion = 16.0.30621.155
MinimumVisualStudioVersion = 10.0.40219.1
Project("{FAE04EC0-301F-11D3-BF4B-00C04F79EFBC}") = "多個圖片檔組成影片檔", "多個圖片檔組成影片檔\多個圖片檔組成影片檔.csproj", "{C9392974-C838-43F2-9465-B22CE23F2A0D}"
EndProject
Global
	GlobalSection(SolutionConfigurationPlatforms) = preSolution
		Debug|Any CPU = Debug|Any CPU
		Release|Any CPU = Release|Any CPU
	EndGlobalSection
	GlobalSection(ProjectConfigurationPlatforms) = postSolution
		{C9392974-C838-43F2-9465-B22CE23F2A0D}.Debug|Any CPU.ActiveCfg = Debug|Any CPU
		{C9392974-C838-43F2-9465-B22CE23F2A0D}.Debug|Any CPU.Build.0 = Debug|Any CPU
		{C9392974-C838-43F2-9465-B22CE23F2A0D}.Release|Any CPU.ActiveCfg = Release|Any CPU
		{C9392974-C838-43F2-9465-B22CE23F2A0D}.Release|Any CPU.Build.0 = Release|Any CPU
	EndGlobalSection
	GlobalSection(SolutionProperties) = preSolution
		HideSolutionNode = FALSE
	EndGlobalSection
	GlobalSection(ExtensibilityGlobals) = postSolution
		SolutionGuid = {FE34E818-F66C-47FE-A723-C1BA395FC3D3}
	EndGlobalSection
EndGlobal
