
Microsoft Visual Studio Solution File, Format Version 12.00
# Visual Studio Version 16
VisualStudioVersion = 16.0.30406.217
MinimumVisualStudioVersion = 10.0.40219.1
Project("{FAE04EC0-301F-11D3-BF4B-00C04F79EFBC}") = "Console使用Args", "Console使用Args\Console使用Args.csproj", "{506AEB2D-5557-4029-967F-E3D11974519D}"
EndProject
Global
	GlobalSection(SolutionConfigurationPlatforms) = preSolution
		Debug|Any CPU = Debug|Any CPU
		Release|Any CPU = Release|Any CPU
	EndGlobalSection
	GlobalSection(ProjectConfigurationPlatforms) = postSolution
		{506AEB2D-5557-4029-967F-E3D11974519D}.Debug|Any CPU.ActiveCfg = Debug|Any CPU
		{506AEB2D-5557-4029-967F-E3D11974519D}.Debug|Any CPU.Build.0 = Debug|Any CPU
		{506AEB2D-5557-4029-967F-E3D11974519D}.Release|Any CPU.ActiveCfg = Release|Any CPU
		{506AEB2D-5557-4029-967F-E3D11974519D}.Release|Any CPU.Build.0 = Release|Any CPU
	EndGlobalSection
	GlobalSection(SolutionProperties) = preSolution
		HideSolutionNode = FALSE
	EndGlobalSection
	GlobalSection(ExtensibilityGlobals) = postSolution
		SolutionGuid = {C3AC8AC6-EE1B-4EB1-B1BF-9EF6BA88EEC9}
	EndGlobalSection
EndGlobal
