
Microsoft Visual Studio Solution File, Format Version 12.00
# Visual Studio Version 16
VisualStudioVersion = 16.0.30611.23
MinimumVisualStudioVersion = 10.0.40219.1
Project("{FAE04EC0-301F-11D3-BF4B-00C04F79EFBC}") = "PDF轉Word", "PDF轉Word\PDF轉Word.csproj", "{57071D08-30C7-4E08-A567-A2433EA9F761}"
EndProject
Global
	GlobalSection(SolutionConfigurationPlatforms) = preSolution
		Debug|Any CPU = Debug|Any CPU
		Release|Any CPU = Release|Any CPU
	EndGlobalSection
	GlobalSection(ProjectConfigurationPlatforms) = postSolution
		{57071D08-30C7-4E08-A567-A2433EA9F761}.Debug|Any CPU.ActiveCfg = Debug|Any CPU
		{57071D08-30C7-4E08-A567-A2433EA9F761}.Debug|Any CPU.Build.0 = Debug|Any CPU
		{57071D08-30C7-4E08-A567-A2433EA9F761}.Release|Any CPU.ActiveCfg = Release|Any CPU
		{57071D08-30C7-4E08-A567-A2433EA9F761}.Release|Any CPU.Build.0 = Release|Any CPU
	EndGlobalSection
	GlobalSection(SolutionProperties) = preSolution
		HideSolutionNode = FALSE
	EndGlobalSection
	GlobalSection(ExtensibilityGlobals) = postSolution
		SolutionGuid = {865470A4-04A3-4FC9-8BB9-9F3D05C64775}
	EndGlobalSection
EndGlobal
