
Microsoft Visual Studio Solution File, Format Version 12.00
# Visual Studio Version 16
VisualStudioVersion = 16.0.30611.23
MinimumVisualStudioVersion = 10.0.40219.1
Project("{FAE04EC0-301F-11D3-BF4B-00C04F79EFBC}") = "進制轉換", "進制轉換\進制轉換.csproj", "{C8BC3048-DCF7-42CF-8E7B-70EA5A81084A}"
EndProject
Global
	GlobalSection(SolutionConfigurationPlatforms) = preSolution
		Debug|Any CPU = Debug|Any CPU
		Release|Any CPU = Release|Any CPU
	EndGlobalSection
	GlobalSection(ProjectConfigurationPlatforms) = postSolution
		{C8BC3048-DCF7-42CF-8E7B-70EA5A81084A}.Debug|Any CPU.ActiveCfg = Debug|Any CPU
		{C8BC3048-DCF7-42CF-8E7B-70EA5A81084A}.Debug|Any CPU.Build.0 = Debug|Any CPU
		{C8BC3048-DCF7-42CF-8E7B-70EA5A81084A}.Release|Any CPU.ActiveCfg = Release|Any CPU
		{C8BC3048-DCF7-42CF-8E7B-70EA5A81084A}.Release|Any CPU.Build.0 = Release|Any CPU
	EndGlobalSection
	GlobalSection(SolutionProperties) = preSolution
		HideSolutionNode = FALSE
	EndGlobalSection
	GlobalSection(ExtensibilityGlobals) = postSolution
		SolutionGuid = {0B170C7E-C316-4819-9C98-003122E26C60}
	EndGlobalSection
EndGlobal
