
Microsoft Visual Studio Solution File, Format Version 12.00
# Visual Studio Version 16
VisualStudioVersion = 16.0.30621.155
MinimumVisualStudioVersion = 10.0.40219.1
Project("{FAE04EC0-301F-11D3-BF4B-00C04F79EFBC}") = "影片檔轉GIF檔", "影片檔轉GIF檔\影片檔轉GIF檔.csproj", "{5450FBBF-BC6E-4104-A59D-F3DCF1767D6E}"
EndProject
Global
	GlobalSection(SolutionConfigurationPlatforms) = preSolution
		Debug|Any CPU = Debug|Any CPU
		Release|Any CPU = Release|Any CPU
	EndGlobalSection
	GlobalSection(ProjectConfigurationPlatforms) = postSolution
		{5450FBBF-BC6E-4104-A59D-F3DCF1767D6E}.Debug|Any CPU.ActiveCfg = Debug|Any CPU
		{5450FBBF-BC6E-4104-A59D-F3DCF1767D6E}.Debug|Any CPU.Build.0 = Debug|Any CPU
		{5450FBBF-BC6E-4104-A59D-F3DCF1767D6E}.Release|Any CPU.ActiveCfg = Release|Any CPU
		{5450FBBF-BC6E-4104-A59D-F3DCF1767D6E}.Release|Any CPU.Build.0 = Release|Any CPU
	EndGlobalSection
	GlobalSection(SolutionProperties) = preSolution
		HideSolutionNode = FALSE
	EndGlobalSection
	GlobalSection(ExtensibilityGlobals) = postSolution
		SolutionGuid = {6E24F33C-1F23-4408-8A06-CF6345FFF0C5}
	EndGlobalSection
EndGlobal
