
Microsoft Visual Studio Solution File, Format Version 12.00
# Visual Studio Version 17
VisualStudioVersion = 17.7.34031.279
MinimumVisualStudioVersion = 10.0.40219.1
Project("{FAE04EC0-301F-11D3-BF4B-00C04F79EFBC}") = "錄音實作2+變聲", "錄音實作2+變聲\錄音實作2+變聲.csproj", "{A72DD252-4FC3-46A3-A0EA-028AD11D1AFF}"
EndProject
Global
	GlobalSection(SolutionConfigurationPlatforms) = preSolution
		Debug|Any CPU = Debug|Any CPU
		Release|Any CPU = Release|Any CPU
	EndGlobalSection
	GlobalSection(ProjectConfigurationPlatforms) = postSolution
		{A72DD252-4FC3-46A3-A0EA-028AD11D1AFF}.Debug|Any CPU.ActiveCfg = Debug|Any CPU
		{A72DD252-4FC3-46A3-A0EA-028AD11D1AFF}.Debug|Any CPU.Build.0 = Debug|Any CPU
		{A72DD252-4FC3-46A3-A0EA-028AD11D1AFF}.Release|Any CPU.ActiveCfg = Release|Any CPU
		{A72DD252-4FC3-46A3-A0EA-028AD11D1AFF}.Release|Any CPU.Build.0 = Release|Any CPU
	EndGlobalSection
	GlobalSection(SolutionProperties) = preSolution
		HideSolutionNode = FALSE
	EndGlobalSection
	GlobalSection(ExtensibilityGlobals) = postSolution
		SolutionGuid = {5282ED7F-463E-435D-92A3-999C736647E6}
	EndGlobalSection
EndGlobal
