
Microsoft Visual Studio Solution File, Format Version 12.00
# Visual Studio Version 16
VisualStudioVersion = 16.0.30517.126
MinimumVisualStudioVersion = 10.0.40219.1
Project("{FAE04EC0-301F-11D3-BF4B-00C04F79EFBC}") = "Excel基本操作(取代文字)(用Microsoft.Office.Interop.Excel)", "Excel基本操作(取代文字)(用Microsoft.Office.Interop.Excel)\Excel基本操作(取代文字)(用Microsoft.Office.Interop.Excel).csproj", "{63CA7761-416A-4BF3-93A5-C5B5B83207F1}"
EndProject
Global
	GlobalSection(SolutionConfigurationPlatforms) = preSolution
		Debug|Any CPU = Debug|Any CPU
		Release|Any CPU = Release|Any CPU
	EndGlobalSection
	GlobalSection(ProjectConfigurationPlatforms) = postSolution
		{63CA7761-416A-4BF3-93A5-C5B5B83207F1}.Debug|Any CPU.ActiveCfg = Debug|Any CPU
		{63CA7761-416A-4BF3-93A5-C5B5B83207F1}.Debug|Any CPU.Build.0 = Debug|Any CPU
		{63CA7761-416A-4BF3-93A5-C5B5B83207F1}.Release|Any CPU.ActiveCfg = Release|Any CPU
		{63CA7761-416A-4BF3-93A5-C5B5B83207F1}.Release|Any CPU.Build.0 = Release|Any CPU
	EndGlobalSection
	GlobalSection(SolutionProperties) = preSolution
		HideSolutionNode = FALSE
	EndGlobalSection
	GlobalSection(ExtensibilityGlobals) = postSolution
		SolutionGuid = {1C08CDAF-8A2B-4FF8-8576-FADAE7AF6520}
	EndGlobalSection
EndGlobal
