
Microsoft Visual Studio Solution File, Format Version 12.00
# Visual Studio Version 17
VisualStudioVersion = 17.7.34031.279
MinimumVisualStudioVersion = 10.0.40219.1
Project("{FAE04EC0-301F-11D3-BF4B-00C04F79EFBC}") = "圖片馬賽克", "圖片馬賽克\圖片馬賽克.csproj", "{11E6A1DA-F54C-4A24-B966-1D49CFE3263D}"
EndProject
Global
	GlobalSection(SolutionConfigurationPlatforms) = preSolution
		Debug|Any CPU = Debug|Any CPU
		Release|Any CPU = Release|Any CPU
	EndGlobalSection
	GlobalSection(ProjectConfigurationPlatforms) = postSolution
		{11E6A1DA-F54C-4A24-B966-1D49CFE3263D}.Debug|Any CPU.ActiveCfg = Debug|Any CPU
		{11E6A1DA-F54C-4A24-B966-1D49CFE3263D}.Debug|Any CPU.Build.0 = Debug|Any CPU
		{11E6A1DA-F54C-4A24-B966-1D49CFE3263D}.Release|Any CPU.ActiveCfg = Release|Any CPU
		{11E6A1DA-F54C-4A24-B966-1D49CFE3263D}.Release|Any CPU.Build.0 = Release|Any CPU
	EndGlobalSection
	GlobalSection(SolutionProperties) = preSolution
		HideSolutionNode = FALSE
	EndGlobalSection
	GlobalSection(ExtensibilityGlobals) = postSolution
		SolutionGuid = {36DB63F3-17F3-4756-8D29-434CD8D712D4}
	EndGlobalSection
EndGlobal
