
Microsoft Visual Studio Solution File, Format Version 12.00
# Visual Studio 14
VisualStudioVersion = 14.0.24720.0
MinimumVisualStudioVersion = 10.0.40219.1
Project("{8BC9CEB8-8B4A-11D0-8D11-00A0C91BC942}") = "HW7_B10409006_盧禹宏", "HW7_B10409006_盧禹宏\HW7_B10409006_盧禹宏.vcxproj", "{6758D2C4-C0B9-4691-8E2A-DCC6935A2509}"
EndProject
Global
	GlobalSection(SolutionConfigurationPlatforms) = preSolution
		Debug|x64 = Debug|x64
		Debug|x86 = Debug|x86
		Release|x64 = Release|x64
		Release|x86 = Release|x86
	EndGlobalSection
	GlobalSection(ProjectConfigurationPlatforms) = postSolution
		{6758D2C4-C0B9-4691-8E2A-DCC6935A2509}.Debug|x64.ActiveCfg = Debug|x64
		{6758D2C4-C0B9-4691-8E2A-DCC6935A2509}.Debug|x64.Build.0 = Debug|x64
		{6758D2C4-C0B9-4691-8E2A-DCC6935A2509}.Debug|x86.ActiveCfg = Debug|Win32
		{6758D2C4-C0B9-4691-8E2A-DCC6935A2509}.Debug|x86.Build.0 = Debug|Win32
		{6758D2C4-C0B9-4691-8E2A-DCC6935A2509}.Release|x64.ActiveCfg = Release|x64
		{6758D2C4-C0B9-4691-8E2A-DCC6935A2509}.Release|x64.Build.0 = Release|x64
		{6758D2C4-C0B9-4691-8E2A-DCC6935A2509}.Release|x86.ActiveCfg = Release|Win32
		{6758D2C4-C0B9-4691-8E2A-DCC6935A2509}.Release|x86.Build.0 = Release|Win32
	EndGlobalSection
	GlobalSection(SolutionProperties) = preSolution
		HideSolutionNode = FALSE
	EndGlobalSection
EndGlobal
