
Microsoft Visual Studio Solution File, Format Version 12.00
# Visual Studio Version 16
VisualStudioVersion = 16.0.30611.23
MinimumVisualStudioVersion = 10.0.40219.1
Project("{FAE04EC0-301F-11D3-BF4B-00C04F79EFBC}") = "將MP4檔案和Base64字串互轉", "將MP4檔案和Base64字串互轉\將MP4檔案和Base64字串互轉.csproj", "{8D9345A3-E33C-4824-A22A-6216D09AC62B}"
EndProject
Global
	GlobalSection(SolutionConfigurationPlatforms) = preSolution
		Debug|Any CPU = Debug|Any CPU
		Release|Any CPU = Release|Any CPU
	EndGlobalSection
	GlobalSection(ProjectConfigurationPlatforms) = postSolution
		{8D9345A3-E33C-4824-A22A-6216D09AC62B}.Debug|Any CPU.ActiveCfg = Debug|Any CPU
		{8D9345A3-E33C-4824-A22A-6216D09AC62B}.Debug|Any CPU.Build.0 = Debug|Any CPU
		{8D9345A3-E33C-4824-A22A-6216D09AC62B}.Release|Any CPU.ActiveCfg = Release|Any CPU
		{8D9345A3-E33C-4824-A22A-6216D09AC62B}.Release|Any CPU.Build.0 = Release|Any CPU
	EndGlobalSection
	GlobalSection(SolutionProperties) = preSolution
		HideSolutionNode = FALSE
	EndGlobalSection
	GlobalSection(ExtensibilityGlobals) = postSolution
		SolutionGuid = {3DDE77C6-68DF-4557-B927-F4BBA200E736}
	EndGlobalSection
EndGlobal
