
Microsoft Visual Studio Solution File, Format Version 12.00
# Visual Studio Version 16
VisualStudioVersion = 16.0.29728.190
MinimumVisualStudioVersion = 10.0.40219.1
Project("{FAE04EC0-301F-11D3-BF4B-00C04F79EFBC}") = "UseStringToCreateNewClassInstance", "UseStringToCreateNewClassInstance\UseStringToCreateNewClassInstance.csproj", "{37FCF3D7-7B82-4584-99B2-496E67383AFB}"
EndProject
Global
	GlobalSection(SolutionConfigurationPlatforms) = preSolution
		Debug|Any CPU = Debug|Any CPU
		Release|Any CPU = Release|Any CPU
	EndGlobalSection
	GlobalSection(ProjectConfigurationPlatforms) = postSolution
		{37FCF3D7-7B82-4584-99B2-496E67383AFB}.Debug|Any CPU.ActiveCfg = Debug|Any CPU
		{37FCF3D7-7B82-4584-99B2-496E67383AFB}.Debug|Any CPU.Build.0 = Debug|Any CPU
		{37FCF3D7-7B82-4584-99B2-496E67383AFB}.Release|Any CPU.ActiveCfg = Release|Any CPU
		{37FCF3D7-7B82-4584-99B2-496E67383AFB}.Release|Any CPU.Build.0 = Release|Any CPU
	EndGlobalSection
	GlobalSection(SolutionProperties) = preSolution
		HideSolutionNode = FALSE
	EndGlobalSection
	GlobalSection(ExtensibilityGlobals) = postSolution
		SolutionGuid = {9A63467F-184C-4204-883C-18B23A0DE0B7}
	EndGlobalSection
EndGlobal
