
Microsoft Visual Studio Solution File, Format Version 12.00
# Visual Studio Version 17
VisualStudioVersion = 17.13.35931.197 d17.13
MinimumVisualStudioVersion = 10.0.40219.1
Project("{FAE04EC0-301F-11D3-BF4B-00C04F79EFBC}") = "檢查憑證資訊", "檢查憑證資訊\檢查憑證資訊.csproj", "{E408FA26-CC4C-4504-8C9D-1A99B63C1738}"
EndProject
Global
	GlobalSection(SolutionConfigurationPlatforms) = preSolution
		Debug|Any CPU = Debug|Any CPU
		Release|Any CPU = Release|Any CPU
	EndGlobalSection
	GlobalSection(ProjectConfigurationPlatforms) = postSolution
		{E408FA26-CC4C-4504-8C9D-1A99B63C1738}.Debug|Any CPU.ActiveCfg = Debug|Any CPU
		{E408FA26-CC4C-4504-8C9D-1A99B63C1738}.Debug|Any CPU.Build.0 = Debug|Any CPU
		{E408FA26-CC4C-4504-8C9D-1A99B63C1738}.Release|Any CPU.ActiveCfg = Release|Any CPU
		{E408FA26-CC4C-4504-8C9D-1A99B63C1738}.Release|Any CPU.Build.0 = Release|Any CPU
	EndGlobalSection
	GlobalSection(SolutionProperties) = preSolution
		HideSolutionNode = FALSE
	EndGlobalSection
	GlobalSection(ExtensibilityGlobals) = postSolution
		SolutionGuid = {71ACA16A-7B7D-41EB-A863-80B0860EE9F8}
	EndGlobalSection
EndGlobal
