
Microsoft Visual Studio Solution File, Format Version 12.00
# Visual Studio Version 17
VisualStudioVersion = 17.7.34031.279
MinimumVisualStudioVersion = 10.0.40219.1
Project("{FAE04EC0-301F-11D3-BF4B-00C04F79EFBC}") = "取得當前執行程式CPU和記憶體使用量", "取得當前執行程式CPU和記憶體使用量\取得當前執行程式CPU和記憶體使用量.csproj", "{BDEF5C20-B82D-4670-ADA0-45795D47FCB3}"
EndProject
Global
	GlobalSection(SolutionConfigurationPlatforms) = preSolution
		Debug|Any CPU = Debug|Any CPU
		Release|Any CPU = Release|Any CPU
	EndGlobalSection
	GlobalSection(ProjectConfigurationPlatforms) = postSolution
		{BDEF5C20-B82D-4670-ADA0-45795D47FCB3}.Debug|Any CPU.ActiveCfg = Debug|Any CPU
		{BDEF5C20-B82D-4670-ADA0-45795D47FCB3}.Debug|Any CPU.Build.0 = Debug|Any CPU
		{BDEF5C20-B82D-4670-ADA0-45795D47FCB3}.Release|Any CPU.ActiveCfg = Release|Any CPU
		{BDEF5C20-B82D-4670-ADA0-45795D47FCB3}.Release|Any CPU.Build.0 = Release|Any CPU
	EndGlobalSection
	GlobalSection(SolutionProperties) = preSolution
		HideSolutionNode = FALSE
	EndGlobalSection
	GlobalSection(ExtensibilityGlobals) = postSolution
		SolutionGuid = {E16D055A-4435-419F-B35C-E736DCDBAFC1}
	EndGlobalSection
EndGlobal
