
Microsoft Visual Studio Solution File, Format Version 12.00
# Visual Studio Version 16
VisualStudioVersion = 16.0.29503.13
MinimumVisualStudioVersion = 10.0.40219.1
Project("{FAE04EC0-301F-11D3-BF4B-00C04F79EFBC}") = "WriteWord(Microsoft.Office.Interop.Word)", "WriteWord(Microsoft.Office.Interop.Word)\WriteWord(Microsoft.Office.Interop.Word).csproj", "{36BFF046-FBD2-4CB2-82AA-2C0639CE1848}"
EndProject
Global
	GlobalSection(SolutionConfigurationPlatforms) = preSolution
		Debug|Any CPU = Debug|Any CPU
		Release|Any CPU = Release|Any CPU
	EndGlobalSection
	GlobalSection(ProjectConfigurationPlatforms) = postSolution
		{36BFF046-FBD2-4CB2-82AA-2C0639CE1848}.Debug|Any CPU.ActiveCfg = Debug|Any CPU
		{36BFF046-FBD2-4CB2-82AA-2C0639CE1848}.Debug|Any CPU.Build.0 = Debug|Any CPU
		{36BFF046-FBD2-4CB2-82AA-2C0639CE1848}.Release|Any CPU.ActiveCfg = Release|Any CPU
		{36BFF046-FBD2-4CB2-82AA-2C0639CE1848}.Release|Any CPU.Build.0 = Release|Any CPU
	EndGlobalSection
	GlobalSection(SolutionProperties) = preSolution
		HideSolutionNode = FALSE
	EndGlobalSection
	GlobalSection(ExtensibilityGlobals) = postSolution
		SolutionGuid = {9875027B-2586-46C1-B924-33AD6EFE1106}
	EndGlobalSection
EndGlobal
