
Microsoft Visual Studio Solution File, Format Version 12.00
# Visual Studio Version 16
VisualStudioVersion = 16.0.30611.23
MinimumVisualStudioVersion = 10.0.40219.1
Project("{FAE04EC0-301F-11D3-BF4B-00C04F79EFBC}") = "開啟藍芽傳檔", "開啟藍芽傳檔\開啟藍芽傳檔.csproj", "{1E38168E-D430-4791-A424-E2C43B8EF1A3}"
EndProject
Global
	GlobalSection(SolutionConfigurationPlatforms) = preSolution
		Debug|Any CPU = Debug|Any CPU
		Release|Any CPU = Release|Any CPU
	EndGlobalSection
	GlobalSection(ProjectConfigurationPlatforms) = postSolution
		{1E38168E-D430-4791-A424-E2C43B8EF1A3}.Debug|Any CPU.ActiveCfg = Debug|Any CPU
		{1E38168E-D430-4791-A424-E2C43B8EF1A3}.Debug|Any CPU.Build.0 = Debug|Any CPU
		{1E38168E-D430-4791-A424-E2C43B8EF1A3}.Release|Any CPU.ActiveCfg = Release|Any CPU
		{1E38168E-D430-4791-A424-E2C43B8EF1A3}.Release|Any CPU.Build.0 = Release|Any CPU
	EndGlobalSection
	GlobalSection(SolutionProperties) = preSolution
		HideSolutionNode = FALSE
	EndGlobalSection
	GlobalSection(ExtensibilityGlobals) = postSolution
		SolutionGuid = {D987F2D5-D2F0-4086-B80D-7A8C395A1B76}
	EndGlobalSection
EndGlobal
