
Microsoft Visual Studio Solution File, Format Version 12.00
# Visual Studio 15
VisualStudioVersion = 15.0.27703.2042
MinimumVisualStudioVersion = 10.0.40219.1
Project("{FAE04EC0-301F-11D3-BF4B-00C04F79EFBC}") = "ImageToBinary", "ImageToBinary\ImageToBinary.csproj", "{91BFDDDA-57A3-4573-BD76-7538C2D4FFB4}"
EndProject
Global
	GlobalSection(SolutionConfigurationPlatforms) = preSolution
		Debug|Any CPU = Debug|Any CPU
		Release|Any CPU = Release|Any CPU
	EndGlobalSection
	GlobalSection(ProjectConfigurationPlatforms) = postSolution
		{91BFDDDA-57A3-4573-BD76-7538C2D4FFB4}.Debug|Any CPU.ActiveCfg = Debug|Any CPU
		{91BFDDDA-57A3-4573-BD76-7538C2D4FFB4}.Debug|Any CPU.Build.0 = Debug|Any CPU
		{91BFDDDA-57A3-4573-BD76-7538C2D4FFB4}.Release|Any CPU.ActiveCfg = Release|Any CPU
		{91BFDDDA-57A3-4573-BD76-7538C2D4FFB4}.Release|Any CPU.Build.0 = Release|Any CPU
	EndGlobalSection
	GlobalSection(SolutionProperties) = preSolution
		HideSolutionNode = FALSE
	EndGlobalSection
	GlobalSection(ExtensibilityGlobals) = postSolution
		SolutionGuid = {AF296F88-1108-4EFF-B60A-E8DA583093E2}
	EndGlobalSection
EndGlobal
